// !$*UTF8*$!
{
	archiveVersion = 1;
	classes = {
	};
	objectVersion = 50;
	objects = {

/* Begin PBXBuildFile section */
		2C0D8FFC21A6BFAD001F737E /* KYDrawerController-StatusBar.swift in Sources */ = {isa = PBXBuildFile; fileRef = 2C0D8FFB21A6BFAD001F737E /* KYDrawerController-StatusBar.swift */; };
		2C23616321A6AE9C00BED795 /* LicenseViewController.swift in Sources */ = {isa = PBXBuildFile; fileRef = 2C23616221A6AE9C00BED795 /* LicenseViewController.swift */; };
		2C23616521A6B3EA00BED795 /* OpenSource.rtf in Resources */ = {isa = PBXBuildFile; fileRef = 2C23616421A6B3EA00BED795 /* OpenSource.rtf */; };
		2C613445210E9586008AE829 /* AppDelegate.swift in Sources */ = {isa = PBXBuildFile; fileRef = 2C613444210E9586008AE829 /* AppDelegate.swift */; };
		2C61344C210E9586008AE829 /* Assets.xcassets in Resources */ = {isa = PBXBuildFile; fileRef = 2C61344B210E9586008AE829 /* Assets.xcassets */; };
		2C61344F210E9586008AE829 /* LaunchScreen.storyboard in Resources */ = {isa = PBXBuildFile; fileRef = 2C61344D210E9586008AE829 /* LaunchScreen.storyboard */; };
		2C6A214F213BC7F0006C5450 /* Color.swift in Sources */ = {isa = PBXBuildFile; fileRef = 2C6A214E213BC7F0006C5450 /* Color.swift */; };
		2C6A2151213BC86D006C5450 /* ColorPackage.swift in Sources */ = {isa = PBXBuildFile; fileRef = 2C6A2150213BC86D006C5450 /* ColorPackage.swift */; };
		2C6A2157213BD351006C5450 /* SplashViewController.swift in Sources */ = {isa = PBXBuildFile; fileRef = 2C6A2156213BD351006C5450 /* SplashViewController.swift */; };
		2C6A2159213BD36F006C5450 /* SplashViewReactor.swift in Sources */ = {isa = PBXBuildFile; fileRef = 2C6A2158213BD36F006C5450 /* SplashViewReactor.swift */; };
		2C6A215C213BD65D006C5450 /* PlayerView.swift in Sources */ = {isa = PBXBuildFile; fileRef = 2C6A215B213BD65D006C5450 /* PlayerView.swift */; };
		2C6A215F213BD74C006C5450 /* UIView-Debug.swift in Sources */ = {isa = PBXBuildFile; fileRef = 2C6A215E213BD74C006C5450 /* UIView-Debug.swift */; };
		2C6A2167213BDB33006C5450 /* sparkler.mp4 in Resources */ = {isa = PBXBuildFile; fileRef = 2C6A2166213BDB33006C5450 /* sparkler.mp4 */; };
		2C6A2169213BE425006C5450 /* SquareLineView.swift in Sources */ = {isa = PBXBuildFile; fileRef = 2C6A2168213BE425006C5450 /* SquareLineView.swift */; };
		2C6A216C213BE9C3006C5450 /* UIColor-Rgb.swift in Sources */ = {isa = PBXBuildFile; fileRef = 2C6A216B213BE9C3006C5450 /* UIColor-Rgb.swift */; };
		2C6A216E213BEC61006C5450 /* Constants.swift in Sources */ = {isa = PBXBuildFile; fileRef = 2C6A216D213BEC61006C5450 /* Constants.swift */; };
		2C6CB87821A18CB500084F88 /* TutorialViewController.swift in Sources */ = {isa = PBXBuildFile; fileRef = 2C6CB87721A18CB500084F88 /* TutorialViewController.swift */; };
		2C6CB87B21A1910E00084F88 /* Localizable.strings in Resources */ = {isa = PBXBuildFile; fileRef = 2C6CB87D21A1910E00084F88 /* Localizable.strings */; };
		2C6CB87F21A19BA400084F88 /* TutorialViewReactor.swift in Sources */ = {isa = PBXBuildFile; fileRef = 2C6CB87E21A19BA400084F88 /* TutorialViewReactor.swift */; };
		2C6CB88221A1C67B00084F88 /* InfoViewController.swift in Sources */ = {isa = PBXBuildFile; fileRef = 2C6CB88121A1C67B00084F88 /* InfoViewController.swift */; };
		2C6DB5AE210E9B7200BC7057 /* main.swift in Sources */ = {isa = PBXBuildFile; fileRef = 2C6DB5AD210E9B7200BC7057 /* main.swift */; };
		2C6DB5B0210E9C7400BC7057 /* CompositionRoot.swift in Sources */ = {isa = PBXBuildFile; fileRef = 2C6DB5AF210E9C7400BC7057 /* CompositionRoot.swift */; };
		2C6DB5B4210E9F8900BC7057 /* BaseViewController.swift in Sources */ = {isa = PBXBuildFile; fileRef = 2C6DB5B3210E9F8900BC7057 /* BaseViewController.swift */; };
		2C6DB5B7210EA04600BC7057 /* Logger.swift in Sources */ = {isa = PBXBuildFile; fileRef = 2C6DB5B6210EA04600BC7057 /* Logger.swift */; };
		2C86E77821ABF49D004C5F69 /* UserDefaults-isFirstLaunch.swift in Sources */ = {isa = PBXBuildFile; fileRef = 2C86E77721ABF49D004C5F69 /* UserDefaults-isFirstLaunch.swift */; };
		2C86E78821ABFE2D004C5F69 /* SparklersTests.swift in Sources */ = {isa = PBXBuildFile; fileRef = 2C86E78721ABFE2D004C5F69 /* SparklersTests.swift */; };
		2C86E78A21AC07CC004C5F69 /* UserDefaults-isCheckGADR.swift in Sources */ = {isa = PBXBuildFile; fileRef = 2C86E78921AC07CC004C5F69 /* UserDefaults-isCheckGADR.swift */; };
		2CB1707F214F3594007B65CF /* UIImage-Tint.swift in Sources */ = {isa = PBXBuildFile; fileRef = 2CB1707E214F3594007B65CF /* UIImage-Tint.swift */; };
		2CB17081214F3623007B65CF /* RainbowLabel.swift in Sources */ = {isa = PBXBuildFile; fileRef = 2CB17080214F3623007B65CF /* RainbowLabel.swift */; };
		2CB17087214F4324007B65CF /* ColorPaletteView.swift in Sources */ = {isa = PBXBuildFile; fileRef = 2CB17086214F4324007B65CF /* ColorPaletteView.swift */; };
		2CC0D45421A38E230078F61E /* ColorPickerAlertView.swift in Sources */ = {isa = PBXBuildFile; fileRef = 2CC0D45321A38E230078F61E /* ColorPickerAlertView.swift */; };
		2CC0D45621A38E950078F61E /* ColorPickerAlertViewReactor.swift in Sources */ = {isa = PBXBuildFile; fileRef = 2CC0D45521A38E950078F61E /* ColorPickerAlertViewReactor.swift */; };
		2CC0D45821A396060078F61E /* ColorPickerCell.swift in Sources */ = {isa = PBXBuildFile; fileRef = 2CC0D45721A396060078F61E /* ColorPickerCell.swift */; };
		2CC0D45A21A396E60078F61E /* ColorPickerCellReactor.swift in Sources */ = {isa = PBXBuildFile; fileRef = 2CC0D45921A396E60078F61E /* ColorPickerCellReactor.swift */; };
		2CE47791213CB6F2005FD69C /* GoogleService-Info.plist in Resources */ = {isa = PBXBuildFile; fileRef = 2CE4778F213CB6F2005FD69C /* GoogleService-Info.plist */; };
		2CE47794213CB785005FD69C /* SparklerViewReactor.swift in Sources */ = {isa = PBXBuildFile; fileRef = 2CE47793213CB785005FD69C /* SparklerViewReactor.swift */; };
		2CE47796213CB790005FD69C /* SparklerViewController.swift in Sources */ = {isa = PBXBuildFile; fileRef = 2CE47795213CB790005FD69C /* SparklerViewController.swift */; };
		2CE47798213CB98F005FD69C /* SparklerColorCell.swift in Sources */ = {isa = PBXBuildFile; fileRef = 2CE47797213CB98F005FD69C /* SparklerColorCell.swift */; };
		2CE4779A213CB9FC005FD69C /* BaseCollectionViewCell.swift in Sources */ = {isa = PBXBuildFile; fileRef = 2CE47799213CB9FC005FD69C /* BaseCollectionViewCell.swift */; };
		2CE4779C213CBA3C005FD69C /* SparklerColorCellReactor.swift in Sources */ = {isa = PBXBuildFile; fileRef = 2CE4779B213CBA3C005FD69C /* SparklerColorCellReactor.swift */; };
		2CE477AD213CBC2D005FD69C /* SparklerColorCollectionViewSection.swift in Sources */ = {isa = PBXBuildFile; fileRef = 2CE477AC213CBC2D005FD69C /* SparklerColorCollectionViewSection.swift */; };
		2CE477B1213D3601005FD69C /* UICollectionView-Rx.swift in Sources */ = {isa = PBXBuildFile; fileRef = 2CE477B0213D3601005FD69C /* UICollectionView-Rx.swift */; };
		2CF6329E21A3D7DF006E713D /* ColorPickerCollectionViewSection.swift in Sources */ = {isa = PBXBuildFile; fileRef = 2CF6329D21A3D7DF006E713D /* ColorPickerCollectionViewSection.swift */; };
		2CF632A221A4032C006E713D /* Snap.swift in Sources */ = {isa = PBXBuildFile; fileRef = 2CF632A121A4032C006E713D /* Snap.swift */; };
		2CF632A421A409A9006E713D /* ColorWheel.swift in Sources */ = {isa = PBXBuildFile; fileRef = 2CF632A321A409A9006E713D /* ColorWheel.swift */; };
		2CF632A621A409DD006E713D /* ColorUtils.swift in Sources */ = {isa = PBXBuildFile; fileRef = 2CF632A521A409DD006E713D /* ColorUtils.swift */; };
		2CF632A821A40A1E006E713D /* BrightnessView.swift in Sources */ = {isa = PBXBuildFile; fileRef = 2CF632A721A40A1E006E713D /* BrightnessView.swift */; };
		2CF632AA21A40A4D006E713D /* HSVColorView.swift in Sources */ = {isa = PBXBuildFile; fileRef = 2CF632A921A40A4D006E713D /* HSVColorView.swift */; };
		2CFD7F7921A2D3F30015D95A /* RightViewController.swift in Sources */ = {isa = PBXBuildFile; fileRef = 2CFD7F7821A2D3F30015D95A /* RightViewController.swift */; };
		DD163CDA7BC7EF3D49B05006 /* Pods_Sparklers.framework in Frameworks */ = {isa = PBXBuildFile; fileRef = 61C29BB32970DC8BDEDAC06F /* Pods_Sparklers.framework */; };
/* End PBXBuildFile section */

/* Begin PBXContainerItemProxy section */
		2C86E78221ABFD63004C5F69 /* PBXContainerItemProxy */ = {
			isa = PBXContainerItemProxy;
			containerPortal = 2C613439210E9586008AE829 /* Project object */;
			proxyType = 1;
			remoteGlobalIDString = 2C613440210E9586008AE829;
			remoteInfo = Sparklers;
		};
/* End PBXContainerItemProxy section */

/* Begin PBXFileReference section */
		0C4D3572262B384BEDB0EC00 /* Pods-Sparklers.release.xcconfig */ = {isa = PBXFileReference; includeInIndex = 1; lastKnownFileType = text.xcconfig; name = "Pods-Sparklers.release.xcconfig"; path = "Pods/Target Support Files/Pods-Sparklers/Pods-Sparklers.release.xcconfig"; sourceTree = "<group>"; };
		1CD6000F7707C6681BA16986 /* Pods-Sparclers.debug.xcconfig */ = {isa = PBXFileReference; includeInIndex = 1; lastKnownFileType = text.xcconfig; name = "Pods-Sparclers.debug.xcconfig"; path = "Pods/Target Support Files/Pods-Sparclers/Pods-Sparclers.debug.xcconfig"; sourceTree = "<group>"; };
		2630A163F1E6B185305AD9B6 /* Pods-SparclersTests.debug.xcconfig */ = {isa = PBXFileReference; includeInIndex = 1; lastKnownFileType = text.xcconfig; name = "Pods-SparclersTests.debug.xcconfig"; path = "Pods/Target Support Files/Pods-SparclersTests/Pods-SparclersTests.debug.xcconfig"; sourceTree = "<group>"; };
		2C0D8FFB21A6BFAD001F737E /* KYDrawerController-StatusBar.swift */ = {isa = PBXFileReference; lastKnownFileType = sourcecode.swift; path = "KYDrawerController-StatusBar.swift"; sourceTree = "<group>"; };
		2C23616221A6AE9C00BED795 /* LicenseViewController.swift */ = {isa = PBXFileReference; lastKnownFileType = sourcecode.swift; path = LicenseViewController.swift; sourceTree = "<group>"; };
		2C23616421A6B3EA00BED795 /* OpenSource.rtf */ = {isa = PBXFileReference; fileEncoding = 4; lastKnownFileType = text.rtf; path = OpenSource.rtf; sourceTree = "<group>"; };
		2C613441210E9586008AE829 /* Sparklers.app */ = {isa = PBXFileReference; explicitFileType = wrapper.application; includeInIndex = 0; path = Sparklers.app; sourceTree = BUILT_PRODUCTS_DIR; };
		2C613444210E9586008AE829 /* AppDelegate.swift */ = {isa = PBXFileReference; lastKnownFileType = sourcecode.swift; path = AppDelegate.swift; sourceTree = "<group>"; };
		2C61344B210E9586008AE829 /* Assets.xcassets */ = {isa = PBXFileReference; lastKnownFileType = folder.assetcatalog; path = Assets.xcassets; sourceTree = "<group>"; };
		2C61344E210E9586008AE829 /* Base */ = {isa = PBXFileReference; lastKnownFileType = file.storyboard; name = Base; path = Base.lproj/LaunchScreen.storyboard; sourceTree = "<group>"; };
		2C6A214E213BC7F0006C5450 /* Color.swift */ = {isa = PBXFileReference; lastKnownFileType = sourcecode.swift; path = Color.swift; sourceTree = "<group>"; };
		2C6A2150213BC86D006C5450 /* ColorPackage.swift */ = {isa = PBXFileReference; lastKnownFileType = sourcecode.swift; path = ColorPackage.swift; sourceTree = "<group>"; };
		2C6A2156213BD351006C5450 /* SplashViewController.swift */ = {isa = PBXFileReference; lastKnownFileType = sourcecode.swift; path = SplashViewController.swift; sourceTree = "<group>"; };
		2C6A2158213BD36F006C5450 /* SplashViewReactor.swift */ = {isa = PBXFileReference; lastKnownFileType = sourcecode.swift; path = SplashViewReactor.swift; sourceTree = "<group>"; };
		2C6A215B213BD65D006C5450 /* PlayerView.swift */ = {isa = PBXFileReference; lastKnownFileType = sourcecode.swift; path = PlayerView.swift; sourceTree = "<group>"; };
		2C6A215E213BD74C006C5450 /* UIView-Debug.swift */ = {isa = PBXFileReference; lastKnownFileType = sourcecode.swift; path = "UIView-Debug.swift"; sourceTree = "<group>"; };
		2C6A2166213BDB33006C5450 /* sparkler.mp4 */ = {isa = PBXFileReference; lastKnownFileType = file; path = sparkler.mp4; sourceTree = "<group>"; };
		2C6A2168213BE425006C5450 /* SquareLineView.swift */ = {isa = PBXFileReference; lastKnownFileType = sourcecode.swift; path = SquareLineView.swift; sourceTree = "<group>"; };
		2C6A216B213BE9C3006C5450 /* UIColor-Rgb.swift */ = {isa = PBXFileReference; lastKnownFileType = sourcecode.swift; path = "UIColor-Rgb.swift"; sourceTree = "<group>"; };
		2C6A216D213BEC61006C5450 /* Constants.swift */ = {isa = PBXFileReference; lastKnownFileType = sourcecode.swift; path = Constants.swift; sourceTree = "<group>"; };
		2C6CB87721A18CB500084F88 /* TutorialViewController.swift */ = {isa = PBXFileReference; lastKnownFileType = sourcecode.swift; path = TutorialViewController.swift; sourceTree = "<group>"; };
		2C6CB87C21A1910E00084F88 /* en */ = {isa = PBXFileReference; lastKnownFileType = text.plist.strings; name = en; path = en.lproj/Localizable.strings; sourceTree = "<group>"; };
		2C6CB87E21A19BA400084F88 /* TutorialViewReactor.swift */ = {isa = PBXFileReference; lastKnownFileType = sourcecode.swift; path = TutorialViewReactor.swift; sourceTree = "<group>"; };
		2C6CB88121A1C67B00084F88 /* InfoViewController.swift */ = {isa = PBXFileReference; lastKnownFileType = sourcecode.swift; path = InfoViewController.swift; sourceTree = "<group>"; };
		2C6DB5AD210E9B7200BC7057 /* main.swift */ = {isa = PBXFileReference; lastKnownFileType = sourcecode.swift; path = main.swift; sourceTree = "<group>"; };
		2C6DB5AF210E9C7400BC7057 /* CompositionRoot.swift */ = {isa = PBXFileReference; lastKnownFileType = sourcecode.swift; path = CompositionRoot.swift; sourceTree = "<group>"; };
		2C6DB5B3210E9F8900BC7057 /* BaseViewController.swift */ = {isa = PBXFileReference; lastKnownFileType = sourcecode.swift; path = BaseViewController.swift; sourceTree = "<group>"; };
		2C6DB5B6210EA04600BC7057 /* Logger.swift */ = {isa = PBXFileReference; lastKnownFileType = sourcecode.swift; path = Logger.swift; sourceTree = "<group>"; };
		2C86E77721ABF49D004C5F69 /* UserDefaults-isFirstLaunch.swift */ = {isa = PBXFileReference; lastKnownFileType = sourcecode.swift; path = "UserDefaults-isFirstLaunch.swift"; sourceTree = "<group>"; };
		2C86E77D21ABFD63004C5F69 /* SparklersTests.xctest */ = {isa = PBXFileReference; explicitFileType = wrapper.cfbundle; includeInIndex = 0; path = SparklersTests.xctest; sourceTree = BUILT_PRODUCTS_DIR; };
		2C86E78721ABFE2D004C5F69 /* SparklersTests.swift */ = {isa = PBXFileReference; fileEncoding = 4; lastKnownFileType = sourcecode.swift; name = SparklersTests.swift; path = SparklersTests/SparklersTests.swift; sourceTree = SOURCE_ROOT; };
		2C86E78921AC07CC004C5F69 /* UserDefaults-isCheckGADR.swift */ = {isa = PBXFileReference; lastKnownFileType = sourcecode.swift; path = "UserDefaults-isCheckGADR.swift"; sourceTree = "<group>"; };
		2CB1707E214F3594007B65CF /* UIImage-Tint.swift */ = {isa = PBXFileReference; fileEncoding = 4; lastKnownFileType = sourcecode.swift; path = "UIImage-Tint.swift"; sourceTree = "<group>"; };
		2CB17080214F3623007B65CF /* RainbowLabel.swift */ = {isa = PBXFileReference; fileEncoding = 4; lastKnownFileType = sourcecode.swift; path = RainbowLabel.swift; sourceTree = "<group>"; };
		2CB17086214F4324007B65CF /* ColorPaletteView.swift */ = {isa = PBXFileReference; lastKnownFileType = sourcecode.swift; path = ColorPaletteView.swift; sourceTree = "<group>"; };
		2CC0D45321A38E230078F61E /* ColorPickerAlertView.swift */ = {isa = PBXFileReference; lastKnownFileType = sourcecode.swift; path = ColorPickerAlertView.swift; sourceTree = "<group>"; };
		2CC0D45521A38E950078F61E /* ColorPickerAlertViewReactor.swift */ = {isa = PBXFileReference; lastKnownFileType = sourcecode.swift; path = ColorPickerAlertViewReactor.swift; sourceTree = "<group>"; };
		2CC0D45721A396060078F61E /* ColorPickerCell.swift */ = {isa = PBXFileReference; lastKnownFileType = sourcecode.swift; path = ColorPickerCell.swift; sourceTree = "<group>"; };
		2CC0D45921A396E60078F61E /* ColorPickerCellReactor.swift */ = {isa = PBXFileReference; lastKnownFileType = sourcecode.swift; path = ColorPickerCellReactor.swift; sourceTree = "<group>"; };
		2CE4778F213CB6F2005FD69C /* GoogleService-Info.plist */ = {isa = PBXFileReference; fileEncoding = 4; lastKnownFileType = text.plist.xml; path = "GoogleService-Info.plist"; sourceTree = "<group>"; };
		2CE47790213CB6F2005FD69C /* Info.plist */ = {isa = PBXFileReference; fileEncoding = 4; lastKnownFileType = text.plist.xml; path = Info.plist; sourceTree = "<group>"; };
		2CE47793213CB785005FD69C /* SparklerViewReactor.swift */ = {isa = PBXFileReference; lastKnownFileType = sourcecode.swift; path = SparklerViewReactor.swift; sourceTree = "<group>"; };
		2CE47795213CB790005FD69C /* SparklerViewController.swift */ = {isa = PBXFileReference; lastKnownFileType = sourcecode.swift; path = SparklerViewController.swift; sourceTree = "<group>"; };
		2CE47797213CB98F005FD69C /* SparklerColorCell.swift */ = {isa = PBXFileReference; lastKnownFileType = sourcecode.swift; path = SparklerColorCell.swift; sourceTree = "<group>"; };
		2CE47799213CB9FC005FD69C /* BaseCollectionViewCell.swift */ = {isa = PBXFileReference; lastKnownFileType = sourcecode.swift; path = BaseCollectionViewCell.swift; sourceTree = "<group>"; };
		2CE4779B213CBA3C005FD69C /* SparklerColorCellReactor.swift */ = {isa = PBXFileReference; lastKnownFileType = sourcecode.swift; path = SparklerColorCellReactor.swift; sourceTree = "<group>"; };
		2CE477A4213CBB81005FD69C /* Info.plist */ = {isa = PBXFileReference; fileEncoding = 4; lastKnownFileType = text.plist.xml; path = Info.plist; sourceTree = "<group>"; };
		2CE477AC213CBC2D005FD69C /* SparklerColorCollectionViewSection.swift */ = {isa = PBXFileReference; lastKnownFileType = sourcecode.swift; path = SparklerColorCollectionViewSection.swift; sourceTree = "<group>"; };
		2CE477B0213D3601005FD69C /* UICollectionView-Rx.swift */ = {isa = PBXFileReference; lastKnownFileType = sourcecode.swift; path = "UICollectionView-Rx.swift"; sourceTree = "<group>"; };
		2CF6329D21A3D7DF006E713D /* ColorPickerCollectionViewSection.swift */ = {isa = PBXFileReference; lastKnownFileType = sourcecode.swift; path = ColorPickerCollectionViewSection.swift; sourceTree = "<group>"; };
		2CF632A121A4032C006E713D /* Snap.swift */ = {isa = PBXFileReference; lastKnownFileType = sourcecode.swift; path = Snap.swift; sourceTree = "<group>"; };
		2CF632A321A409A9006E713D /* ColorWheel.swift */ = {isa = PBXFileReference; lastKnownFileType = sourcecode.swift; path = ColorWheel.swift; sourceTree = "<group>"; };
		2CF632A521A409DD006E713D /* ColorUtils.swift */ = {isa = PBXFileReference; lastKnownFileType = sourcecode.swift; path = ColorUtils.swift; sourceTree = "<group>"; };
		2CF632A721A40A1E006E713D /* BrightnessView.swift */ = {isa = PBXFileReference; lastKnownFileType = sourcecode.swift; path = BrightnessView.swift; sourceTree = "<group>"; };
		2CF632A921A40A4D006E713D /* HSVColorView.swift */ = {isa = PBXFileReference; lastKnownFileType = sourcecode.swift; path = HSVColorView.swift; sourceTree = "<group>"; };
		2CFD7F7821A2D3F30015D95A /* RightViewController.swift */ = {isa = PBXFileReference; lastKnownFileType = sourcecode.swift; path = RightViewController.swift; sourceTree = "<group>"; };
		33B2D9FE3E8DD1A6C238346C /* Pods-Sparklers.debug.xcconfig */ = {isa = PBXFileReference; includeInIndex = 1; lastKnownFileType = text.xcconfig; name = "Pods-Sparklers.debug.xcconfig"; path = "Pods/Target Support Files/Pods-Sparklers/Pods-Sparklers.debug.xcconfig"; sourceTree = "<group>"; };
		391AD9EA7D3368DB330B1CF8 /* Pods_SparclersTests.framework */ = {isa = PBXFileReference; explicitFileType = wrapper.framework; includeInIndex = 0; path = Pods_SparclersTests.framework; sourceTree = BUILT_PRODUCTS_DIR; };
		58B06A8A25677B4E0916F354 /* Pods-Sparclers.release.xcconfig */ = {isa = PBXFileReference; includeInIndex = 1; lastKnownFileType = text.xcconfig; name = "Pods-Sparclers.release.xcconfig"; path = "Pods/Target Support Files/Pods-Sparclers/Pods-Sparclers.release.xcconfig"; sourceTree = "<group>"; };
		61C29BB32970DC8BDEDAC06F /* Pods_Sparklers.framework */ = {isa = PBXFileReference; explicitFileType = wrapper.framework; includeInIndex = 0; path = Pods_Sparklers.framework; sourceTree = BUILT_PRODUCTS_DIR; };
		636E8A2313645FC1B5EED3A1 /* Pods-SparclersTests.release.xcconfig */ = {isa = PBXFileReference; includeInIndex = 1; lastKnownFileType = text.xcconfig; name = "Pods-SparclersTests.release.xcconfig"; path = "Pods/Target Support Files/Pods-SparclersTests/Pods-SparclersTests.release.xcconfig"; sourceTree = "<group>"; };
		7F1B41EBE2EB1C2168452233 /* Pods_Sparclers_SparclersTests.framework */ = {isa = PBXFileReference; explicitFileType = wrapper.framework; includeInIndex = 0; path = Pods_Sparclers_SparclersTests.framework; sourceTree = BUILT_PRODUCTS_DIR; };
		AF57527E32E918B6275D6ACF /* Pods_Sparclers.framework */ = {isa = PBXFileReference; explicitFileType = wrapper.framework; includeInIndex = 0; path = Pods_Sparclers.framework; sourceTree = BUILT_PRODUCTS_DIR; };
		D59F8235BEFDD5BC072AD23A /* Pods-SparclersUITests.release.xcconfig */ = {isa = PBXFileReference; includeInIndex = 1; lastKnownFileType = text.xcconfig; name = "Pods-SparclersUITests.release.xcconfig"; path = "Pods/Target Support Files/Pods-SparclersUITests/Pods-SparclersUITests.release.xcconfig"; sourceTree = "<group>"; };
		E528A20A21FA4D6308A3103E /* Pods-SparclersUITests.debug.xcconfig */ = {isa = PBXFileReference; includeInIndex = 1; lastKnownFileType = text.xcconfig; name = "Pods-SparclersUITests.debug.xcconfig"; path = "Pods/Target Support Files/Pods-SparclersUITests/Pods-SparclersUITests.debug.xcconfig"; sourceTree = "<group>"; };
		EDF4CA260C1A04662E735B20 /* Pods_SparclersUITests.framework */ = {isa = PBXFileReference; explicitFileType = wrapper.framework; includeInIndex = 0; path = Pods_SparclersUITests.framework; sourceTree = BUILT_PRODUCTS_DIR; };
/* End PBXFileReference section */

/* Begin PBXFrameworksBuildPhase section */
		2C61343E210E9586008AE829 /* Frameworks */ = {
			isa = PBXFrameworksBuildPhase;
			buildActionMask = 2147483647;
			files = (
				DD163CDA7BC7EF3D49B05006 /* Pods_Sparklers.framework in Frameworks */,
			);
			runOnlyForDeploymentPostprocessing = 0;
		};
		2C86E77A21ABFD63004C5F69 /* Frameworks */ = {
			isa = PBXFrameworksBuildPhase;
			buildActionMask = 2147483647;
			files = (
			);
			runOnlyForDeploymentPostprocessing = 0;
		};
/* End PBXFrameworksBuildPhase section */

/* Begin PBXGroup section */
		2C613438210E9586008AE829 = {
			isa = PBXGroup;
			children = (
				2C613443210E9586008AE829 /* Sparklers */,
				2CE4779D213CBB81005FD69C /* SparklersTests */,
				2C613442210E9586008AE829 /* Products */,
				5A516FEDB4BC655C8A51FC9B /* Pods */,
				A1F8B75F140DC358F717A37F /* Frameworks */,
			);
			sourceTree = "<group>";
		};
		2C613442210E9586008AE829 /* Products */ = {
			isa = PBXGroup;
			children = (
				2C613441210E9586008AE829 /* Sparklers.app */,
				2C86E77D21ABFD63004C5F69 /* SparklersTests.xctest */,
			);
			name = Products;
			sourceTree = "<group>";
		};
		2C613443210E9586008AE829 /* Sparklers */ = {
			isa = PBXGroup;
			children = (
				2CDE34AC210E9644001E7064 /* Sources */,
				2CDE34AD210E965A001E7064 /* Resources */,
				2CE4778E213CB6F2005FD69C /* Supporting Files */,
			);
			path = Sparklers;
			sourceTree = "<group>";
		};
		2C6A214D213BC7DA006C5450 /* Models */ = {
			isa = PBXGroup;
			children = (
				2C6A214E213BC7F0006C5450 /* Color.swift */,
				2C6A2150213BC86D006C5450 /* ColorPackage.swift */,
			);
			path = Models;
			sourceTree = "<group>";
		};
		2C6A215A213BD64A006C5450 /* Views */ = {
			isa = PBXGroup;
			children = (
				2C6A215B213BD65D006C5450 /* PlayerView.swift */,
				2C6A2168213BE425006C5450 /* SquareLineView.swift */,
				2CE47799213CB9FC005FD69C /* BaseCollectionViewCell.swift */,
				2CB17080214F3623007B65CF /* RainbowLabel.swift */,
				2CE47797213CB98F005FD69C /* SparklerColorCell.swift */,
				2CE4779B213CBA3C005FD69C /* SparklerColorCellReactor.swift */,
				2CB17086214F4324007B65CF /* ColorPaletteView.swift */,
				2CC0D45321A38E230078F61E /* ColorPickerAlertView.swift */,
				2CC0D45521A38E950078F61E /* ColorPickerAlertViewReactor.swift */,
				2CC0D45721A396060078F61E /* ColorPickerCell.swift */,
				2CC0D45921A396E60078F61E /* ColorPickerCellReactor.swift */,
				2CF632A921A40A4D006E713D /* HSVColorView.swift */,
				2CF632A321A409A9006E713D /* ColorWheel.swift */,
				2CF632A721A40A1E006E713D /* BrightnessView.swift */,
			);
			path = Views;
			sourceTree = "<group>";
		};
		2C6A215D213BD736006C5450 /* Utils */ = {
			isa = PBXGroup;
			children = (
				2C6A215E213BD74C006C5450 /* UIView-Debug.swift */,
				2CB1707E214F3594007B65CF /* UIImage-Tint.swift */,
				2C6A216B213BE9C3006C5450 /* UIColor-Rgb.swift */,
				2C6A216D213BEC61006C5450 /* Constants.swift */,
				2CF632A121A4032C006E713D /* Snap.swift */,
				2CF632A521A409DD006E713D /* ColorUtils.swift */,
				2C0D8FFB21A6BFAD001F737E /* KYDrawerController-StatusBar.swift */,
				2C86E77721ABF49D004C5F69 /* UserDefaults-isFirstLaunch.swift */,
				2C86E78921AC07CC004C5F69 /* UserDefaults-isCheckGADR.swift */,
			);
			path = Utils;
			sourceTree = "<group>";
		};
		2C6A2165213BDB1A006C5450 /* raw */ = {
			isa = PBXGroup;
			children = (
				2C6A2166213BDB33006C5450 /* sparkler.mp4 */,
			);
			path = raw;
			sourceTree = "<group>";
		};
		2C6DB5B5210EA03000BC7057 /* Logging */ = {
			isa = PBXGroup;
			children = (
				2C6DB5B6210EA04600BC7057 /* Logger.swift */,
			);
			path = Logging;
			sourceTree = "<group>";
		};
		2CDE34AC210E9644001E7064 /* Sources */ = {
			isa = PBXGroup;
			children = (
				2C6DB5AD210E9B7200BC7057 /* main.swift */,
				2C613444210E9586008AE829 /* AppDelegate.swift */,
				2C6DB5AF210E9C7400BC7057 /* CompositionRoot.swift */,
				2CDE34AF210E967C001E7064 /* ViewControllers */,
				2C6A215A213BD64A006C5450 /* Views */,
				2C6A214D213BC7DA006C5450 /* Models */,
				2CE477AB213CBBF2005FD69C /* Sections */,
				2CE477AF213D35E1005FD69C /* Rx */,
				2C6DB5B5210EA03000BC7057 /* Logging */,
				2C6A215D213BD736006C5450 /* Utils */,
			);
			path = Sources;
			sourceTree = "<group>";
		};
		2CDE34AD210E965A001E7064 /* Resources */ = {
			isa = PBXGroup;
			children = (
				2C23616421A6B3EA00BED795 /* OpenSource.rtf */,
				2C6A2165213BDB1A006C5450 /* raw */,
				2C61344B210E9586008AE829 /* Assets.xcassets */,
				2C61344D210E9586008AE829 /* LaunchScreen.storyboard */,
				2C6CB87D21A1910E00084F88 /* Localizable.strings */,
			);
			path = Resources;
			sourceTree = "<group>";
		};
		2CDE34AF210E967C001E7064 /* ViewControllers */ = {
			isa = PBXGroup;
			children = (
				2C6DB5B3210E9F8900BC7057 /* BaseViewController.swift */,
				2C6A2156213BD351006C5450 /* SplashViewController.swift */,
				2C6A2158213BD36F006C5450 /* SplashViewReactor.swift */,
				2CE47795213CB790005FD69C /* SparklerViewController.swift */,
				2CE47793213CB785005FD69C /* SparklerViewReactor.swift */,
				2C6CB87721A18CB500084F88 /* TutorialViewController.swift */,
				2C6CB87E21A19BA400084F88 /* TutorialViewReactor.swift */,
				2C6CB88121A1C67B00084F88 /* InfoViewController.swift */,
				2CFD7F7821A2D3F30015D95A /* RightViewController.swift */,
				2C23616221A6AE9C00BED795 /* LicenseViewController.swift */,
			);
			path = ViewControllers;
			sourceTree = "<group>";
		};
		2CE4778E213CB6F2005FD69C /* Supporting Files */ = {
			isa = PBXGroup;
			children = (
				2CE4778F213CB6F2005FD69C /* GoogleService-Info.plist */,
				2CE47790213CB6F2005FD69C /* Info.plist */,
			);
			path = "Supporting Files";
			sourceTree = "<group>";
		};
		2CE4779D213CBB81005FD69C /* SparklersTests */ = {
			isa = PBXGroup;
			children = (
				2CE4779E213CBB81005FD69C /* Sources */,
				2CE477A4213CBB81005FD69C /* Info.plist */,
			);
			path = SparklersTests;
			sourceTree = "<group>";
		};
		2CE4779E213CBB81005FD69C /* Sources */ = {
			isa = PBXGroup;
			children = (
				2C86E78721ABFE2D004C5F69 /* SparklersTests.swift */,
			);
			path = Sources;
			sourceTree = "<group>";
		};
		2CE477AB213CBBF2005FD69C /* Sections */ = {
			isa = PBXGroup;
			children = (
				2CE477AC213CBC2D005FD69C /* SparklerColorCollectionViewSection.swift */,
				2CF6329D21A3D7DF006E713D /* ColorPickerCollectionViewSection.swift */,
			);
			path = Sections;
			sourceTree = "<group>";
		};
		2CE477AF213D35E1005FD69C /* Rx */ = {
			isa = PBXGroup;
			children = (
				2CE477B0213D3601005FD69C /* UICollectionView-Rx.swift */,
			);
			path = Rx;
			sourceTree = "<group>";
		};
		5A516FEDB4BC655C8A51FC9B /* Pods */ = {
			isa = PBXGroup;
			children = (
				1CD6000F7707C6681BA16986 /* Pods-Sparclers.debug.xcconfig */,
				58B06A8A25677B4E0916F354 /* Pods-Sparclers.release.xcconfig */,
				2630A163F1E6B185305AD9B6 /* Pods-SparclersTests.debug.xcconfig */,
				636E8A2313645FC1B5EED3A1 /* Pods-SparclersTests.release.xcconfig */,
				E528A20A21FA4D6308A3103E /* Pods-SparclersUITests.debug.xcconfig */,
				D59F8235BEFDD5BC072AD23A /* Pods-SparclersUITests.release.xcconfig */,
				33B2D9FE3E8DD1A6C238346C /* Pods-Sparklers.debug.xcconfig */,
				0C4D3572262B384BEDB0EC00 /* Pods-Sparklers.release.xcconfig */,
			);
			name = Pods;
			sourceTree = "<group>";
		};
		A1F8B75F140DC358F717A37F /* Frameworks */ = {
			isa = PBXGroup;
			children = (
				AF57527E32E918B6275D6ACF /* Pods_Sparclers.framework */,
				391AD9EA7D3368DB330B1CF8 /* Pods_SparclersTests.framework */,
				EDF4CA260C1A04662E735B20 /* Pods_SparclersUITests.framework */,
				7F1B41EBE2EB1C2168452233 /* Pods_Sparclers_SparclersTests.framework */,
				61C29BB32970DC8BDEDAC06F /* Pods_Sparklers.framework */,
			);
			name = Frameworks;
			sourceTree = "<group>";
		};
/* End PBXGroup section */

/* Begin PBXNativeTarget section */
		2C613440210E9586008AE829 /* Sparklers */ = {
			isa = PBXNativeTarget;
			buildConfigurationList = 2C613469210E9587008AE829 /* Build configuration list for PBXNativeTarget "Sparklers" */;
			buildPhases = (
				77801FD684561F57A571A2E8 /* [CP] Check Pods Manifest.lock */,
				2C61343D210E9586008AE829 /* Sources */,
				2C61343E210E9586008AE829 /* Frameworks */,
				2C61343F210E9586008AE829 /* Resources */,
				B90BA9AF3DB6771841C9FDA5 /* [CP] Embed Pods Frameworks */,
			);
			buildRules = (
			);
			dependencies = (
			);
			name = Sparklers;
			productName = Sparclers;
			productReference = 2C613441210E9586008AE829 /* Sparklers.app */;
			productType = "com.apple.product-type.application";
		};
		2C86E77C21ABFD63004C5F69 /* SparklersTests */ = {
			isa = PBXNativeTarget;
			buildConfigurationList = 2C86E78421ABFD63004C5F69 /* Build configuration list for PBXNativeTarget "SparklersTests" */;
			buildPhases = (
				2C86E77921ABFD63004C5F69 /* Sources */,
				2C86E77A21ABFD63004C5F69 /* Frameworks */,
				2C86E77B21ABFD63004C5F69 /* Resources */,
			);
			buildRules = (
			);
			dependencies = (
				2C86E78321ABFD63004C5F69 /* PBXTargetDependency */,
			);
			name = SparklersTests;
			productName = SparklersTests;
			productReference = 2C86E77D21ABFD63004C5F69 /* SparklersTests.xctest */;
			productType = "com.apple.product-type.bundle.unit-test";
		};
/* End PBXNativeTarget section */

/* Begin PBXProject section */
		2C613439210E9586008AE829 /* Project object */ = {
			isa = PBXProject;
			attributes = {
				LastSwiftUpdateCheck = 1010;
				LastUpgradeCheck = 0940;
				ORGANIZATIONNAME = HyunWoo;
				TargetAttributes = {
					2C613440210E9586008AE829 = {
						CreatedOnToolsVersion = 9.4.1;
					};
					2C86E77C21ABFD63004C5F69 = {
						CreatedOnToolsVersion = 10.1;
						LastSwiftMigration = 1010;
						TestTargetID = 2C613440210E9586008AE829;
					};
				};
			};
			buildConfigurationList = 2C61343C210E9586008AE829 /* Build configuration list for PBXProject "Sparklers" */;
			compatibilityVersion = "Xcode 9.3";
			developmentRegion = en;
			hasScannedForEncodings = 0;
			knownRegions = (
				en,
				Base,
			);
			mainGroup = 2C613438210E9586008AE829;
			productRefGroup = 2C613442210E9586008AE829 /* Products */;
			projectDirPath = "";
			projectRoot = "";
			targets = (
				2C613440210E9586008AE829 /* Sparklers */,
				2C86E77C21ABFD63004C5F69 /* SparklersTests */,
			);
		};
/* End PBXProject section */

/* Begin PBXResourcesBuildPhase section */
		2C61343F210E9586008AE829 /* Resources */ = {
			isa = PBXResourcesBuildPhase;
			buildActionMask = 2147483647;
			files = (
				2C6CB87B21A1910E00084F88 /* Localizable.strings in Resources */,
				2C61344F210E9586008AE829 /* LaunchScreen.storyboard in Resources */,
				2CE47791213CB6F2005FD69C /* GoogleService-Info.plist in Resources */,
				2C61344C210E9586008AE829 /* Assets.xcassets in Resources */,
				2C6A2167213BDB33006C5450 /* sparkler.mp4 in Resources */,
				2C23616521A6B3EA00BED795 /* OpenSource.rtf in Resources */,
			);
			runOnlyForDeploymentPostprocessing = 0;
		};
		2C86E77B21ABFD63004C5F69 /* Resources */ = {
			isa = PBXResourcesBuildPhase;
			buildActionMask = 2147483647;
			files = (
			);
			runOnlyForDeploymentPostprocessing = 0;
		};
/* End PBXResourcesBuildPhase section */

/* Begin PBXShellScriptBuildPhase section */
		77801FD684561F57A571A2E8 /* [CP] Check Pods Manifest.lock */ = {
			isa = PBXShellScriptBuildPhase;
			buildActionMask = 2147483647;
			files = (
			);
			inputPaths = (
				"${PODS_PODFILE_DIR_PATH}/Podfile.lock",
				"${PODS_ROOT}/Manifest.lock",
			);
			name = "[CP] Check Pods Manifest.lock";
			outputPaths = (
				"$(DERIVED_FILE_DIR)/Pods-Sparklers-checkManifestLockResult.txt",
			);
			runOnlyForDeploymentPostprocessing = 0;
			shellPath = /bin/sh;
			shellScript = "diff \"${PODS_PODFILE_DIR_PATH}/Podfile.lock\" \"${PODS_ROOT}/Manifest.lock\" > /dev/null\nif [ $? != 0 ] ; then\n    # print error to STDERR\n    echo \"error: The sandbox is not in sync with the Podfile.lock. Run 'pod install' or update your CocoaPods installation.\" >&2\n    exit 1\nfi\n# This output is used by Xcode 'outputs' to avoid re-running this script phase.\necho \"SUCCESS\" > \"${SCRIPT_OUTPUT_FILE_0}\"\n";
			showEnvVarsInLog = 0;
		};
		B90BA9AF3DB6771841C9FDA5 /* [CP] Embed Pods Frameworks */ = {
			isa = PBXShellScriptBuildPhase;
			buildActionMask = 2147483647;
			files = (
			);
			inputFileListPaths = (
			);
			inputPaths = (
				"${SRCROOT}/Pods/Target Support Files/Pods-Sparklers/Pods-Sparklers-frameworks.sh",
				"${BUILT_PRODUCTS_DIR}/CocoaLumberjack/CocoaLumberjack.framework",
				"${BUILT_PRODUCTS_DIR}/Differentiator/Differentiator.framework",
				"${BUILT_PRODUCTS_DIR}/GoogleToolboxForMac/GoogleToolboxForMac.framework",
				"${BUILT_PRODUCTS_DIR}/GoogleUtilities/GoogleUtilities.framework",
				"${BUILT_PRODUCTS_DIR}/KYDrawerController/KYDrawerController.framework",
				"${BUILT_PRODUCTS_DIR}/ManualLayout/ManualLayout.framework",
				"${BUILT_PRODUCTS_DIR}/PersonalizedAdConsent/PersonalizedAdConsent.framework",
				"${BUILT_PRODUCTS_DIR}/Protobuf/Protobuf.framework",
				"${BUILT_PRODUCTS_DIR}/ReactorKit/ReactorKit.framework",
				"${BUILT_PRODUCTS_DIR}/ReusableKit/ReusableKit.framework",
				"${BUILT_PRODUCTS_DIR}/RxAtomic/RxAtomic.framework",
				"${BUILT_PRODUCTS_DIR}/RxCocoa/RxCocoa.framework",
				"${BUILT_PRODUCTS_DIR}/RxDataSources/RxDataSources.framework",
				"${BUILT_PRODUCTS_DIR}/RxGesture/RxGesture.framework",
				"${BUILT_PRODUCTS_DIR}/RxOptional/RxOptional.framework",
				"${BUILT_PRODUCTS_DIR}/RxSwift/RxSwift.framework",
				"${BUILT_PRODUCTS_DIR}/RxViewController/RxViewController.framework",
				"${BUILT_PRODUCTS_DIR}/SnapKit/SnapKit.framework",
				"${BUILT_PRODUCTS_DIR}/Then/Then.framework",
				"${BUILT_PRODUCTS_DIR}/nanopb/nanopb.framework",
			);
			name = "[CP] Embed Pods Frameworks";
			outputFileListPaths = (
			);
			outputPaths = (
				"${TARGET_BUILD_DIR}/${FRAMEWORKS_FOLDER_PATH}/CocoaLumberjack.framework",
				"${TARGET_BUILD_DIR}/${FRAMEWORKS_FOLDER_PATH}/Differentiator.framework",
				"${TARGET_BUILD_DIR}/${FRAMEWORKS_FOLDER_PATH}/GoogleToolboxForMac.framework",
				"${TARGET_BUILD_DIR}/${FRAMEWORKS_FOLDER_PATH}/GoogleUtilities.framework",
				"${TARGET_BUILD_DIR}/${FRAMEWORKS_FOLDER_PATH}/KYDrawerController.framework",
				"${TARGET_BUILD_DIR}/${FRAMEWORKS_FOLDER_PATH}/ManualLayout.framework",
				"${TARGET_BUILD_DIR}/${FRAMEWORKS_FOLDER_PATH}/PersonalizedAdConsent.framework",
				"${TARGET_BUILD_DIR}/${FRAMEWORKS_FOLDER_PATH}/Protobuf.framework",
				"${TARGET_BUILD_DIR}/${FRAMEWORKS_FOLDER_PATH}/ReactorKit.framework",
				"${TARGET_BUILD_DIR}/${FRAMEWORKS_FOLDER_PATH}/ReusableKit.framework",
				"${TARGET_BUILD_DIR}/${FRAMEWORKS_FOLDER_PATH}/RxAtomic.framework",
				"${TARGET_BUILD_DIR}/${FRAMEWORKS_FOLDER_PATH}/RxCocoa.framework",
				"${TARGET_BUILD_DIR}/${FRAMEWORKS_FOLDER_PATH}/RxDataSources.framework",
				"${TARGET_BUILD_DIR}/${FRAMEWORKS_FOLDER_PATH}/RxGesture.framework",
				"${TARGET_BUILD_DIR}/${FRAMEWORKS_FOLDER_PATH}/RxOptional.framework",
				"${TARGET_BUILD_DIR}/${FRAMEWORKS_FOLDER_PATH}/RxSwift.framework",
				"${TARGET_BUILD_DIR}/${FRAMEWORKS_FOLDER_PATH}/RxViewController.framework",
				"${TARGET_BUILD_DIR}/${FRAMEWORKS_FOLDER_PATH}/SnapKit.framework",
				"${TARGET_BUILD_DIR}/${FRAMEWORKS_FOLDER_PATH}/Then.framework",
				"${TARGET_BUILD_DIR}/${FRAMEWORKS_FOLDER_PATH}/nanopb.framework",
			);
			runOnlyForDeploymentPostprocessing = 0;
			shellPath = /bin/sh;
			shellScript = "\"${SRCROOT}/Pods/Target Support Files/Pods-Sparklers/Pods-Sparklers-frameworks.sh\"\n";
			showEnvVarsInLog = 0;
		};
/* End PBXShellScriptBuildPhase section */

/* Begin PBXSourcesBuildPhase section */
		2C61343D210E9586008AE829 /* Sources */ = {
			isa = PBXSourcesBuildPhase;
			buildActionMask = 2147483647;
			files = (
				2CC0D45621A38E950078F61E /* ColorPickerAlertViewReactor.swift in Sources */,
				2CF632A821A40A1E006E713D /* BrightnessView.swift in Sources */,
				2CC0D45421A38E230078F61E /* ColorPickerAlertView.swift in Sources */,
				2CE47794213CB785005FD69C /* SparklerViewReactor.swift in Sources */,
				2CFD7F7921A2D3F30015D95A /* RightViewController.swift in Sources */,
				2CF632A421A409A9006E713D /* ColorWheel.swift in Sources */,
				2CC0D45A21A396E60078F61E /* ColorPickerCellReactor.swift in Sources */,
				2C23616321A6AE9C00BED795 /* LicenseViewController.swift in Sources */,
				2C0D8FFC21A6BFAD001F737E /* KYDrawerController-StatusBar.swift in Sources */,
				2CE477AD213CBC2D005FD69C /* SparklerColorCollectionViewSection.swift in Sources */,
				2C6DB5B7210EA04600BC7057 /* Logger.swift in Sources */,
				2CE47796213CB790005FD69C /* SparklerViewController.swift in Sources */,
				2C86E77821ABF49D004C5F69 /* UserDefaults-isFirstLaunch.swift in Sources */,
				2C6A216C213BE9C3006C5450 /* UIColor-Rgb.swift in Sources */,
				2C6A2159213BD36F006C5450 /* SplashViewReactor.swift in Sources */,
				2C6CB87821A18CB500084F88 /* TutorialViewController.swift in Sources */,
				2C6A215C213BD65D006C5450 /* PlayerView.swift in Sources */,
				2CE477B1213D3601005FD69C /* UICollectionView-Rx.swift in Sources */,
				2C6DB5B0210E9C7400BC7057 /* CompositionRoot.swift in Sources */,
				2C6A216E213BEC61006C5450 /* Constants.swift in Sources */,
				2CB17087214F4324007B65CF /* ColorPaletteView.swift in Sources */,
				2CF6329E21A3D7DF006E713D /* ColorPickerCollectionViewSection.swift in Sources */,
				2C6DB5B4210E9F8900BC7057 /* BaseViewController.swift in Sources */,
				2C86E78A21AC07CC004C5F69 /* UserDefaults-isCheckGADR.swift in Sources */,
				2C6CB88221A1C67B00084F88 /* InfoViewController.swift in Sources */,
				2CC0D45821A396060078F61E /* ColorPickerCell.swift in Sources */,
				2C613445210E9586008AE829 /* AppDelegate.swift in Sources */,
				2CF632A221A4032C006E713D /* Snap.swift in Sources */,
				2C6DB5AE210E9B7200BC7057 /* main.swift in Sources */,
				2C6CB87F21A19BA400084F88 /* TutorialViewReactor.swift in Sources */,
				2CE4779A213CB9FC005FD69C /* BaseCollectionViewCell.swift in Sources */,
				2C6A214F213BC7F0006C5450 /* Color.swift in Sources */,
				2CF632A621A409DD006E713D /* ColorUtils.swift in Sources */,
				2CB17081214F3623007B65CF /* RainbowLabel.swift in Sources */,
				2CE47798213CB98F005FD69C /* SparklerColorCell.swift in Sources */,
				2C6A215F213BD74C006C5450 /* UIView-Debug.swift in Sources */,
				2CE4779C213CBA3C005FD69C /* SparklerColorCellReactor.swift in Sources */,
				2CB1707F214F3594007B65CF /* UIImage-Tint.swift in Sources */,
				2C6A2169213BE425006C5450 /* SquareLineView.swift in Sources */,
				2C6A2151213BC86D006C5450 /* ColorPackage.swift in Sources */,
				2CF632AA21A40A4D006E713D /* HSVColorView.swift in Sources */,
				2C6A2157213BD351006C5450 /* SplashViewController.swift in Sources */,
			);
			runOnlyForDeploymentPostprocessing = 0;
		};
		2C86E77921ABFD63004C5F69 /* Sources */ = {
			isa = PBXSourcesBuildPhase;
			buildActionMask = 2147483647;
			files = (
				2C86E78821ABFE2D004C5F69 /* SparklersTests.swift in Sources */,
			);
			runOnlyForDeploymentPostprocessing = 0;
		};
/* End PBXSourcesBuildPhase section */

/* Begin PBXTargetDependency section */
		2C86E78321ABFD63004C5F69 /* PBXTargetDependency */ = {
			isa = PBXTargetDependency;
			target = 2C613440210E9586008AE829 /* Sparklers */;
			targetProxy = 2C86E78221ABFD63004C5F69 /* PBXContainerItemProxy */;
		};
/* End PBXTargetDependency section */

/* Begin PBXVariantGroup section */
		2C61344D210E9586008AE829 /* LaunchScreen.storyboard */ = {
			isa = PBXVariantGroup;
			children = (
				2C61344E210E9586008AE829 /* Base */,
			);
			name = LaunchScreen.storyboard;
			sourceTree = "<group>";
		};
		2C6CB87D21A1910E00084F88 /* Localizable.strings */ = {
			isa = PBXVariantGroup;
			children = (
				2C6CB87C21A1910E00084F88 /* en */,
			);
			name = Localizable.strings;
			sourceTree = "<group>";
		};
/* End PBXVariantGroup section */

/* Begin XCBuildConfiguration section */
		2C613467210E9587008AE829 /* Debug */ = {
			isa = XCBuildConfiguration;
			buildSettings = {
				ALWAYS_SEARCH_USER_PATHS = NO;
				CLANG_ANALYZER_NONNULL = YES;
				CLANG_ANALYZER_NUMBER_OBJECT_CONVERSION = YES_AGGRESSIVE;
				CLANG_CXX_LANGUAGE_STANDARD = "gnu++14";
				CLANG_CXX_LIBRARY = "libc++";
				CLANG_ENABLE_MODULES = YES;
				CLANG_ENABLE_OBJC_ARC = YES;
				CLANG_ENABLE_OBJC_WEAK = YES;
				CLANG_WARN_BLOCK_CAPTURE_AUTORELEASING = YES;
				CLANG_WARN_BOOL_CONVERSION = YES;
				CLANG_WARN_COMMA = YES;
				CLANG_WARN_CONSTANT_CONVERSION = YES;
				CLANG_WARN_DEPRECATED_OBJC_IMPLEMENTATIONS = YES;
				CLANG_WARN_DIRECT_OBJC_ISA_USAGE = YES_ERROR;
				CLANG_WARN_DOCUMENTATION_COMMENTS = YES;
				CLANG_WARN_EMPTY_BODY = YES;
				CLANG_WARN_ENUM_CONVERSION = YES;
				CLANG_WARN_INFINITE_RECURSION = YES;
				CLANG_WARN_INT_CONVERSION = YES;
				CLANG_WARN_NON_LITERAL_NULL_CONVERSION = YES;
				CLANG_WARN_OBJC_IMPLICIT_RETAIN_SELF = YES;
				CLANG_WARN_OBJC_LITERAL_CONVERSION = YES;
				CLANG_WARN_OBJC_ROOT_CLASS = YES_ERROR;
				CLANG_WARN_RANGE_LOOP_ANALYSIS = YES;
				CLANG_WARN_STRICT_PROTOTYPES = YES;
				CLANG_WARN_SUSPICIOUS_MOVE = YES;
				CLANG_WARN_UNGUARDED_AVAILABILITY = YES_AGGRESSIVE;
				CLANG_WARN_UNREACHABLE_CODE = YES;
				CLANG_WARN__DUPLICATE_METHOD_MATCH = YES;
				CODE_SIGN_IDENTITY = "iPhone Developer";
				COPY_PHASE_STRIP = NO;
				DEBUG_INFORMATION_FORMAT = dwarf;
				ENABLE_STRICT_OBJC_MSGSEND = YES;
				ENABLE_TESTABILITY = YES;
				GCC_C_LANGUAGE_STANDARD = gnu11;
				GCC_DYNAMIC_NO_PIC = NO;
				GCC_NO_COMMON_BLOCKS = YES;
				GCC_OPTIMIZATION_LEVEL = 0;
				GCC_PREPROCESSOR_DEFINITIONS = (
					"DEBUG=1",
					"$(inherited)",
				);
				GCC_WARN_64_TO_32_BIT_CONVERSION = YES;
				GCC_WARN_ABOUT_RETURN_TYPE = YES_ERROR;
				GCC_WARN_UNDECLARED_SELECTOR = YES;
				GCC_WARN_UNINITIALIZED_AUTOS = YES_AGGRESSIVE;
				GCC_WARN_UNUSED_FUNCTION = YES;
				GCC_WARN_UNUSED_VARIABLE = YES;
				IPHONEOS_DEPLOYMENT_TARGET = 11.4;
				MTL_ENABLE_DEBUG_INFO = YES;
				ONLY_ACTIVE_ARCH = YES;
				SDKROOT = iphoneos;
				SWIFT_ACTIVE_COMPILATION_CONDITIONS = DEBUG;
				SWIFT_OPTIMIZATION_LEVEL = "-Onone";
			};
			name = Debug;
		};
		2C613468210E9587008AE829 /* Release */ = {
			isa = XCBuildConfiguration;
			buildSettings = {
				ALWAYS_SEARCH_USER_PATHS = NO;
				CLANG_ANALYZER_NONNULL = YES;
				CLANG_ANALYZER_NUMBER_OBJECT_CONVERSION = YES_AGGRESSIVE;
				CLANG_CXX_LANGUAGE_STANDARD = "gnu++14";
				CLANG_CXX_LIBRARY = "libc++";
				CLANG_ENABLE_MODULES = YES;
				CLANG_ENABLE_OBJC_ARC = YES;
				CLANG_ENABLE_OBJC_WEAK = YES;
				CLANG_WARN_BLOCK_CAPTURE_AUTORELEASING = YES;
				CLANG_WARN_BOOL_CONVERSION = YES;
				CLANG_WARN_COMMA = YES;
				CLANG_WARN_CONSTANT_CONVERSION = YES;
				CLANG_WARN_DEPRECATED_OBJC_IMPLEMENTATIONS = YES;
				CLANG_WARN_DIRECT_OBJC_ISA_USAGE = YES_ERROR;
				CLANG_WARN_DOCUMENTATION_COMMENTS = YES;
				CLANG_WARN_EMPTY_BODY = YES;
				CLANG_WARN_ENUM_CONVERSION = YES;
				CLANG_WARN_INFINITE_RECURSION = YES;
				CLANG_WARN_INT_CONVERSION = YES;
				CLANG_WARN_NON_LITERAL_NULL_CONVERSION = YES;
				CLANG_WARN_OBJC_IMPLICIT_RETAIN_SELF = YES;
				CLANG_WARN_OBJC_LITERAL_CONVERSION = YES;
				CLANG_WARN_OBJC_ROOT_CLASS = YES_ERROR;
				CLANG_WARN_RANGE_LOOP_ANALYSIS = YES;
				CLANG_WARN_STRICT_PROTOTYPES = YES;
				CLANG_WARN_SUSPICIOUS_MOVE = YES;
				CLANG_WARN_UNGUARDED_AVAILABILITY = YES_AGGRESSIVE;
				CLANG_WARN_UNREACHABLE_CODE = YES;
				CLANG_WARN__DUPLICATE_METHOD_MATCH = YES;
				CODE_SIGN_IDENTITY = "iPhone Developer";
				COPY_PHASE_STRIP = NO;
				DEBUG_INFORMATION_FORMAT = "dwarf-with-dsym";
				ENABLE_NS_ASSERTIONS = NO;
				ENABLE_STRICT_OBJC_MSGSEND = YES;
				GCC_C_LANGUAGE_STANDARD = gnu11;
				GCC_NO_COMMON_BLOCKS = YES;
				GCC_WARN_64_TO_32_BIT_CONVERSION = YES;
				GCC_WARN_ABOUT_RETURN_TYPE = YES_ERROR;
				GCC_WARN_UNDECLARED_SELECTOR = YES;
				GCC_WARN_UNINITIALIZED_AUTOS = YES_AGGRESSIVE;
				GCC_WARN_UNUSED_FUNCTION = YES;
				GCC_WARN_UNUSED_VARIABLE = YES;
				IPHONEOS_DEPLOYMENT_TARGET = 11.4;
				MTL_ENABLE_DEBUG_INFO = NO;
				SDKROOT = iphoneos;
				SWIFT_COMPILATION_MODE = wholemodule;
				SWIFT_OPTIMIZATION_LEVEL = "-O";
				VALIDATE_PRODUCT = YES;
			};
			name = Release;
		};
		2C61346A210E9587008AE829 /* Debug */ = {
			isa = XCBuildConfiguration;
			baseConfigurationReference = 33B2D9FE3E8DD1A6C238346C /* Pods-Sparklers.debug.xcconfig */;
			buildSettings = {
				ASSETCATALOG_COMPILER_APPICON_NAME = AppIcon;
				CODE_SIGN_IDENTITY = "iPhone Developer";
				CODE_SIGN_STYLE = Manual;
				DEVELOPMENT_TEAM = 6F5H8KU4M7;
				INFOPLIST_FILE = "$(SRCROOT)/Sparklers/Supporting Files/Info.plist";
				IPHONEOS_DEPLOYMENT_TARGET = 10.0;
				LD_RUNPATH_SEARCH_PATHS = (
					"$(inherited)",
					"@executable_path/Frameworks",
				);
				PRODUCT_BUNDLE_IDENTIFIER = com.tools.pic.travel.sparkler;
				PRODUCT_NAME = "$(TARGET_NAME)";
				PROVISIONING_PROFILE_SPECIFIER = WildCard;
				SWIFT_VERSION = 4.0;
				TARGETED_DEVICE_FAMILY = 1;
			};
			name = Debug;
		};
		2C61346B210E9587008AE829 /* Release */ = {
			isa = XCBuildConfiguration;
			baseConfigurationReference = 0C4D3572262B384BEDB0EC00 /* Pods-Sparklers.release.xcconfig */;
			buildSettings = {
				ASSETCATALOG_COMPILER_APPICON_NAME = AppIcon;
				CODE_SIGN_IDENTITY = "iPhone Distribution";
				CODE_SIGN_STYLE = Manual;
				DEVELOPMENT_TEAM = 6F5H8KU4M7;
				INFOPLIST_FILE = "$(SRCROOT)/Sparklers/Supporting Files/Info.plist";
				IPHONEOS_DEPLOYMENT_TARGET = 10.0;
				LD_RUNPATH_SEARCH_PATHS = (
					"$(inherited)",
					"@executable_path/Frameworks",
				);
				PRODUCT_BUNDLE_IDENTIFIER = com.tools.pic.travel.sparkler;
				PRODUCT_NAME = "$(TARGET_NAME)";
				PROVISIONING_PROFILE_SPECIFIER = "Sparklers AppStore";
				SWIFT_VERSION = 4.0;
				TARGETED_DEVICE_FAMILY = 1;
			};
			name = Release;
		};
		2C86E78521ABFD63004C5F69 /* Debug */ = {
			isa = XCBuildConfiguration;
			buildSettings = {
				BUNDLE_LOADER = "$(TEST_HOST)";
				CLANG_ENABLE_MODULES = YES;
				CODE_SIGN_STYLE = Automatic;
				DEVELOPMENT_TEAM = 6F5H8KU4M7;
				INFOPLIST_FILE = SparklersTests/Info.plist;
				IPHONEOS_DEPLOYMENT_TARGET = 12.1;
				LD_RUNPATH_SEARCH_PATHS = (
					"$(inherited)",
					"@executable_path/Frameworks",
					"@loader_path/Frameworks",
				);
				MTL_ENABLE_DEBUG_INFO = INCLUDE_SOURCE;
				MTL_FAST_MATH = YES;
				PRODUCT_BUNDLE_IDENTIFIER = com.hyunwoo.SparklersTests;
				PRODUCT_NAME = "$(TARGET_NAME)";
				SWIFT_OPTIMIZATION_LEVEL = "-Onone";
				SWIFT_VERSION = 4.2;
				TARGETED_DEVICE_FAMILY = "1,2";
				TEST_HOST = "$(BUILT_PRODUCTS_DIR)/Sparklers.app/Sparklers";
			};
			name = Debug;
		};
		2C86E78621ABFD63004C5F69 /* Release */ = {
			isa = XCBuildConfiguration;
			buildSettings = {
				BUNDLE_LOADER = "$(TEST_HOST)";
				CLANG_ENABLE_MODULES = YES;
				CODE_SIGN_STYLE = Automatic;
				DEVELOPMENT_TEAM = 6F5H8KU4M7;
				INFOPLIST_FILE = SparklersTests/Info.plist;
				IPHONEOS_DEPLOYMENT_TARGET = 12.1;
				LD_RUNPATH_SEARCH_PATHS = (
					"$(inherited)",
					"@executable_path/Frameworks",
					"@loader_path/Frameworks",
				);
				MTL_FAST_MATH = YES;
				PRODUCT_BUNDLE_IDENTIFIER = com.hyunwoo.SparklersTests;
				PRODUCT_NAME = "$(TARGET_NAME)";
				SWIFT_VERSION = 4.2;
				TARGETED_DEVICE_FAMILY = "1,2";
				TEST_HOST = "$(BUILT_PRODUCTS_DIR)/Sparklers.app/Sparklers";
			};
			name = Release;
		};
/* End XCBuildConfiguration section */

/* Begin XCConfigurationList section */
		2C61343C210E9586008AE829 /* Build configuration list for PBXProject "Sparklers" */ = {
			isa = XCConfigurationList;
			buildConfigurations = (
				2C613467210E9587008AE829 /* Debug */,
				2C613468210E9587008AE829 /* Release */,
			);
			defaultConfigurationIsVisible = 0;
			defaultConfigurationName = Release;
		};
		2C613469210E9587008AE829 /* Build configuration list for PBXNativeTarget "Sparklers" */ = {
			isa = XCConfigurationList;
			buildConfigurations = (
				2C61346A210E9587008AE829 /* Debug */,
				2C61346B210E9587008AE829 /* Release */,
			);
			defaultConfigurationIsVisible = 0;
			defaultConfigurationName = Release;
		};
		2C86E78421ABFD63004C5F69 /* Build configuration list for PBXNativeTarget "SparklersTests" */ = {
			isa = XCConfigurationList;
			buildConfigurations = (
				2C86E78521ABFD63004C5F69 /* Debug */,
				2C86E78621ABFD63004C5F69 /* Release */,
			);
			defaultConfigurationIsVisible = 0;
			defaultConfigurationName = Release;
		};
/* End XCConfigurationList section */
	};
	rootObject = 2C613439210E9586008AE829 /* Project object */;
}
